{
  "name": "sample-ttn",
  "version": "1.0.0",
  "lockfileVersion": 2,
  "requires": true,
  "packages": {
    "": {
      "name": "sample-ttn",
      "version": "1.0.0",
      "license": "ISC",
      "dependencies": {
        "ttni": "^1.0.4"
      }
    },
    "node_modules/ttni": {
      "version": "1.0.4",
      "resolved": "https://registry.npmjs.org/ttni/-/ttni-1.0.4.tgz",
      "integrity": "sha512-LYhZX3ANP+1lsyGeFO6vHl/kwlEc2kjVP4DhDfVj+YtpGvf4YNC8Ds99whVtCJXh+D0w0XbZIhohXUSObjwRZw=="
    }
  },
  "dependencies": {
    "ttni": {
      "version": "1.0.4",
      "resolved": "https://registry.npmjs.org/ttni/-/ttni-1.0.4.tgz",
      "integrity": "sha512-LYhZX3ANP+1lsyGeFO6vHl/kwlEc2kjVP4DhDfVj+YtpGvf4YNC8Ds99whVtCJXh+D0w0XbZIhohXUSObjwRZw=="
    }
  }
}
